PODS:
  - GoogleMaps (2.7.0):
    - GoogleMaps/Maps (= 2.7.0)
  - GoogleMaps/Base (2.7.0)
  - GoogleMaps/Maps (2.7.0):
    - GoogleMaps/Base
  - Networking (4.1.1)

DEPENDENCIES:
  - GoogleMaps
  - Networking (~> 4.1.1)

SPEC REPOS:
  https://github.com/cocoapods/specs.git:
    - GoogleMaps
    - Networking

SPEC CHECKSUMS:
  GoogleMaps: f79af95cb24d869457b1f961c93d3ce8b2f3b848
  Networking: ffde5754883907f90f9f751e183eba4a75dc4b89

PODFILE CHECKSUM: 8e77a4989e62d4c21eb15378c45e21b89201cd22

COCOAPODS: 1.5.3
